
Microsoft Visual Studio Solution File, Format Version 12.00
# Visual Studio Version 16
VisualStudioVersion = 25.0.1704.2
MinimumVisualStudioVersion = 10.0.40219.1
Project("{FAE04EC0-301F-11D3-BF4B-00C04F79EFBC}") = "Cs_Inheritance", "Cs_Inheritance.csproj", "{28A09888-E42C-40E2-B288-9A8A9AA2A633}"
EndProject
Global
	GlobalSection(SolutionConfigurationPlatforms) = preSolution
		Debug|Any CPU = Debug|Any CPU
		Release|Any CPU = Release|Any CPU
	EndGlobalSection
	GlobalSection(ProjectConfigurationPlatforms) = postSolution
		{28A09888-E42C-40E2-B288-9A8A9AA2A633}.Debug|Any CPU.ActiveCfg = Debug|Any CPU
		{28A09888-E42C-40E2-B288-9A8A9AA2A633}.Debug|Any CPU.Build.0 = Debug|Any CPU
		{28A09888-E42C-40E2-B288-9A8A9AA2A633}.Release|Any CPU.ActiveCfg = Release|Any CPU
		{28A09888-E42C-40E2-B288-9A8A9AA2A633}.Release|Any CPU.Build.0 = Release|Any CPU
	EndGlobalSection
	GlobalSection(SolutionProperties) = preSolution
		HideSolutionNode = FALSE
	EndGlobalSection
	GlobalSection(ExtensibilityGlobals) = postSolution
		SolutionGuid = {6BB1E743-F4DC-4B01-92B3-F35BF1F4F076}
	EndGlobalSection
EndGlobal
