
Microsoft Visual Studio Solution File, Format Version 12.00
# Visual Studio Version 16
VisualStudioVersion = 25.0.1704.2
MinimumVisualStudioVersion = 10.0.40219.1
Project("{FAE04EC0-301F-11D3-BF4B-00C04F79EFBC}") = "CsGettersSetters", "CsGettersSetters.csproj", "{6984C18A-96F2-4A8A-8774-B42A22BDD160}"
EndProject
Global
	GlobalSection(SolutionConfigurationPlatforms) = preSolution
		Debug|Any CPU = Debug|Any CPU
		Release|Any CPU = Release|Any CPU
	EndGlobalSection
	GlobalSection(ProjectConfigurationPlatforms) = postSolution
		{6984C18A-96F2-4A8A-8774-B42A22BDD160}.Debug|Any CPU.ActiveCfg = Debug|Any CPU
		{6984C18A-96F2-4A8A-8774-B42A22BDD160}.Debug|Any CPU.Build.0 = Debug|Any CPU
		{6984C18A-96F2-4A8A-8774-B42A22BDD160}.Release|Any CPU.ActiveCfg = Release|Any CPU
		{6984C18A-96F2-4A8A-8774-B42A22BDD160}.Release|Any CPU.Build.0 = Release|Any CPU
	EndGlobalSection
	GlobalSection(SolutionProperties) = preSolution
		HideSolutionNode = FALSE
	EndGlobalSection
	GlobalSection(ExtensibilityGlobals) = postSolution
		SolutionGuid = {2C157DF3-3AA7-4C77-A9E7-AA5131950189}
	EndGlobalSection
EndGlobal
