
Microsoft Visual Studio Solution File, Format Version 12.00
# Visual Studio Version 16
VisualStudioVersion = 25.0.1704.2
MinimumVisualStudioVersion = 10.0.40219.1
Project("{FAE04EC0-301F-11D3-BF4B-00C04F79EFBC}") = "CsMethods_Classes", "CsMethods_Classes.csproj", "{9AF325BC-AF4A-4350-B816-5049B45D011B}"
EndProject
Global
	GlobalSection(SolutionConfigurationPlatforms) = preSolution
		Debug|Any CPU = Debug|Any CPU
		Release|Any CPU = Release|Any CPU
	EndGlobalSection
	GlobalSection(ProjectConfigurationPlatforms) = postSolution
		{9AF325BC-AF4A-4350-B816-5049B45D011B}.Debug|Any CPU.ActiveCfg = Debug|Any CPU
		{9AF325BC-AF4A-4350-B816-5049B45D011B}.Debug|Any CPU.Build.0 = Debug|Any CPU
		{9AF325BC-AF4A-4350-B816-5049B45D011B}.Release|Any CPU.ActiveCfg = Release|Any CPU
		{9AF325BC-AF4A-4350-B816-5049B45D011B}.Release|Any CPU.Build.0 = Release|Any CPU
	EndGlobalSection
	GlobalSection(SolutionProperties) = preSolution
		HideSolutionNode = FALSE
	EndGlobalSection
	GlobalSection(ExtensibilityGlobals) = postSolution
		SolutionGuid = {529BCEBB-9010-447D-9292-8D349D8C21A5}
	EndGlobalSection
EndGlobal
